
Microsoft Visual Studio Solution File, Format Version 12.00
# Visual Studio Version 17
VisualStudioVersion = 17.9.34622.214
MinimumVisualStudioVersion = 10.0.40219.1
Project("{FAE04EC0-301F-11D3-BF4B-00C04F79EFBC}") = "SzkolenieTechniczne.Cinema.Storage", "SzkolenieTechniczne.Cinema.Storage\SzkolenieTechniczne.Cinema.Storage.csproj", "{D0654A37-879A-4ECF-92A3-38B0D8876208}"
EndProject
Project("{FAE04EC0-301F-11D3-BF4B-00C04F79EFBC}") = "SzkolenieTechniczne.Cinema.Service", "SzkolenieTechniczne.Cinema.Service\SzkolenieTechniczne.Cinema.Service.csproj", "{EA5B0543-F5EB-4359-9EA7-BAD5A7B122F6}"
EndProject
Global
	GlobalSection(SolutionConfigurationPlatforms) = preSolution
		Debug|Any CPU = Debug|Any CPU
		Release|Any CPU = Release|Any CPU
	EndGlobalSection
	GlobalSection(ProjectConfigurationPlatforms) = postSolution
		{D0654A37-879A-4ECF-92A3-38B0D8876208}.Debug|Any CPU.ActiveCfg = Debug|Any CPU
		{D0654A37-879A-4ECF-92A3-38B0D8876208}.Debug|Any CPU.Build.0 = Debug|Any CPU
		{D0654A37-879A-4ECF-92A3-38B0D8876208}.Release|Any CPU.ActiveCfg = Release|Any CPU
		{D0654A37-879A-4ECF-92A3-38B0D8876208}.Release|Any CPU.Build.0 = Release|Any CPU
		{EA5B0543-F5EB-4359-9EA7-BAD5A7B122F6}.Debug|Any CPU.ActiveCfg = Debug|Any CPU
		{EA5B0543-F5EB-4359-9EA7-BAD5A7B122F6}.Debug|Any CPU.Build.0 = Debug|Any CPU
		{EA5B0543-F5EB-4359-9EA7-BAD5A7B122F6}.Release|Any CPU.ActiveCfg = Release|Any CPU
		{EA5B0543-F5EB-4359-9EA7-BAD5A7B122F6}.Release|Any CPU.Build.0 = Release|Any CPU
	EndGlobalSection
	GlobalSection(SolutionProperties) = preSolution
		HideSolutionNode = FALSE
	EndGlobalSection
	GlobalSection(ExtensibilityGlobals) = postSolution
		SolutionGuid = {A4430351-BB45-4297-BF1F-ADD30711E410}
	EndGlobalSection
EndGlobal
